
Microsoft Visual Studio Solution File, Format Version 12.00
# Visual Studio 14
VisualStudioVersion = 14.0.24720.0
MinimumVisualStudioVersion = 10.0.40219.1
Project("{FAE04EC0-301F-11D3-BF4B-00C04F79EFBC}") = "SampleProject", "SampleProject\SampleProject.csproj", "{74B4F750-9DF3-40F1-9C91-65204B68EE5B}"
EndProject
Project("{FAE04EC0-301F-11D3-BF4B-00C04F79EFBC}") = "AutoMockingFixture", "AutoMockingFixture\AutoMockingFixture.csproj", "{B738FABD-5EAE-45FD-818D-8B21F2330161}"
EndProject
Project("{FAE04EC0-301F-11D3-BF4B-00C04F79EFBC}") = "SampleProjectTests", "SampleProjectTests\SampleProjectTests.csproj", "{7607B10D-F0BD-4547-B33E-8C2686686F79}"
EndProject
Global
	GlobalSection(SolutionConfigurationPlatforms) = preSolution
		Debug|Any CPU = Debug|Any CPU
		Release|Any CPU = Release|Any CPU
	EndGlobalSection
	GlobalSection(ProjectConfigurationPlatforms) = postSolution
		{74B4F750-9DF3-40F1-9C91-65204B68EE5B}.Debug|Any CPU.ActiveCfg = Debug|Any CPU
		{74B4F750-9DF3-40F1-9C91-65204B68EE5B}.Debug|Any CPU.Build.0 = Debug|Any CPU
		{74B4F750-9DF3-40F1-9C91-65204B68EE5B}.Release|Any CPU.ActiveCfg = Release|Any CPU
		{74B4F750-9DF3-40F1-9C91-65204B68EE5B}.Release|Any CPU.Build.0 = Release|Any CPU
		{B738FABD-5EAE-45FD-818D-8B21F2330161}.Debug|Any CPU.ActiveCfg = Debug|Any CPU
		{B738FABD-5EAE-45FD-818D-8B21F2330161}.Debug|Any CPU.Build.0 = Debug|Any CPU
		{B738FABD-5EAE-45FD-818D-8B21F2330161}.Release|Any CPU.ActiveCfg = Release|Any CPU
		{B738FABD-5EAE-45FD-818D-8B21F2330161}.Release|Any CPU.Build.0 = Release|Any CPU
		{7607B10D-F0BD-4547-B33E-8C2686686F79}.Debug|Any CPU.ActiveCfg = Debug|Any CPU
		{7607B10D-F0BD-4547-B33E-8C2686686F79}.Debug|Any CPU.Build.0 = Debug|Any CPU
		{7607B10D-F0BD-4547-B33E-8C2686686F79}.Release|Any CPU.ActiveCfg = Release|Any CPU
		{7607B10D-F0BD-4547-B33E-8C2686686F79}.Release|Any CPU.Build.0 = Release|Any CPU
	EndGlobalSection
	GlobalSection(SolutionProperties) = preSolution
		HideSolutionNode = FALSE
	EndGlobalSection
EndGlobal
